
Microsoft Visual Studio Solution File, Format Version 12.00
Project("{FAE04EC0-301F-11D3-BF4B-00C04F79EFBC}") = "WebAppClient", "WebAppClient\WebAppClient.csproj", "{1F5A4A88-FBC9-42A9-8720-78C2352B2F5F}"
EndProject
Project("{FAE04EC0-301F-11D3-BF4B-00C04F79EFBC}") = "WebApi", "WebApi\WebApi.csproj", "{6FC88310-F714-472F-BEEE-CF9965799218}"
EndProject
Project("{FAE04EC0-301F-11D3-BF4B-00C04F79EFBC}") = "OllamaChatClient", "OllamaChatClient\OllamaChatClient.csproj", "{4CB730CE-B65F-4276-B7D7-9084299BB76F}"
EndProject
Global
	GlobalSection(SolutionConfigurationPlatforms) = preSolution
		Debug|Any CPU = Debug|Any CPU
		Release|Any CPU = Release|Any CPU
	EndGlobalSection
	GlobalSection(ProjectConfigurationPlatforms) = postSolution
		{1F5A4A88-FBC9-42A9-8720-78C2352B2F5F}.Debug|Any CPU.ActiveCfg = Debug|Any CPU
		{1F5A4A88-FBC9-42A9-8720-78C2352B2F5F}.Debug|Any CPU.Build.0 = Debug|Any CPU
		{1F5A4A88-FBC9-42A9-8720-78C2352B2F5F}.Release|Any CPU.ActiveCfg = Release|Any CPU
		{1F5A4A88-FBC9-42A9-8720-78C2352B2F5F}.Release|Any CPU.Build.0 = Release|Any CPU
		{6FC88310-F714-472F-BEEE-CF9965799218}.Debug|Any CPU.ActiveCfg = Debug|Any CPU
		{6FC88310-F714-472F-BEEE-CF9965799218}.Debug|Any CPU.Build.0 = Debug|Any CPU
		{6FC88310-F714-472F-BEEE-CF9965799218}.Release|Any CPU.ActiveCfg = Release|Any CPU
		{6FC88310-F714-472F-BEEE-CF9965799218}.Release|Any CPU.Build.0 = Release|Any CPU
		{4CB730CE-B65F-4276-B7D7-9084299BB76F}.Debug|Any CPU.ActiveCfg = Debug|Any CPU
		{4CB730CE-B65F-4276-B7D7-9084299BB76F}.Debug|Any CPU.Build.0 = Debug|Any CPU
		{4CB730CE-B65F-4276-B7D7-9084299BB76F}.Release|Any CPU.ActiveCfg = Release|Any CPU
		{4CB730CE-B65F-4276-B7D7-9084299BB76F}.Release|Any CPU.Build.0 = Release|Any CPU
	EndGlobalSection
EndGlobal
